# THIS IS AN AUTOGENERATED FILE. DO NOT EDIT THIS FILE DIRECTLY.
# yarn lockfile v1


"@graphql-tools/merge@^9.0.0":
  version "9.0.0"
  resolved "https://registry.yarnpkg.com/@graphql-tools/merge/-/merge-9.0.0.tgz#b0a3636c82716454bff88e9bb40108b0471db281"
  integrity sha512-J7/xqjkGTTwOJmaJQJ2C+VDBDOWJL3lKrHJN4yMaRLAJH3PosB7GiPRaSDZdErs0+F77sH2MKs2haMMkywzx7Q==
  dependencies:
    "@graphql-tools/utils" "^10.0.0"
    tslib "^2.4.0"

"@graphql-tools/schema@10.0.0":
  version "10.0.0"
  resolved "https://registry.yarnpkg.com/@graphql-tools/schema/-/schema-10.0.0.tgz#7b5f6b6a59f51c927de8c9069bde4ebbfefc64b3"
  integrity sha512-kf3qOXMFcMs2f/S8Y3A8fm/2w+GaHAkfr3Gnhh2LOug/JgpY/ywgFVxO3jOeSpSEdoYcDKLcXVjMigNbY4AdQg==
  dependencies:
    "@graphql-tools/merge" "^9.0.0"
    "@graphql-tools/utils" "^10.0.0"
    tslib "^2.4.0"
    value-or-promise "^1.0.12"

"@graphql-tools/utils@10.0.5", "@graphql-tools/utils@^10.0.0":
  version "10.0.5"
  resolved "https://registry.yarnpkg.com/@graphql-tools/utils/-/utils-10.0.5.tgz#b76c7b5b7fc3f67da734b51cf6e33c52dee09974"
  integrity sha512-ZTioQqg9z9eCG3j+KDy54k1gp6wRIsLqkx5yi163KVvXVkfjsrdErCyZjrEug21QnKE9piP4tyxMpMMOT1RuRw==
  dependencies:
    "@graphql-typed-document-node/core" "^3.1.1"
    dset "^3.1.2"
    tslib "^2.4.0"

"@graphql-typed-document-node/core@^3.1.1":
  version "3.2.0"
  resolved "https://registry.yarnpkg.com/@graphql-typed-document-node/core/-/core-3.2.0.tgz#5f3d96ec6b2354ad6d8a28bf216a1d97b5426861"
  integrity sha512-mB9oAsNCm9aM3/SOv4YtBMqZbYj10R7dkq8byBqxGY/ncFwhf2oQzMV+LCRlWoDSEBJ3COiR1yeDvMtsoOsuFQ==

dset@^3.1.2:
  version "3.1.2"
  resolved "https://registry.yarnpkg.com/dset/-/dset-3.1.2.tgz#89c436ca6450398396dc6538ea00abc0c54cd45a"
  integrity sha512-g/M9sqy3oHe477Ar4voQxWtaPIFw1jTdKZuomOjhCcBx9nHUNn0pu6NopuFFrTh/TRZIKEj+76vLWFu9BNKk+Q==

graphql-tag@2.12.6:
  version "2.12.6"
  resolved "https://registry.yarnpkg.com/graphql-tag/-/graphql-tag-2.12.6.tgz#d441a569c1d2537ef10ca3d1633b48725329b5f1"
  integrity sha512-FdSNcu2QQcWnM2VNvSCCDCVS5PpPqpzgFT8+GXzqJuoDd0CBncxCY278u4mhRO7tMgo2JjgJA5aZ+nWSQ/Z+xg==
  dependencies:
    tslib "^2.1.0"

graphql@16.7.1:
  version "16.7.1"
  resolved "https://registry.yarnpkg.com/graphql/-/graphql-16.7.1.tgz#11475b74a7bff2aefd4691df52a0eca0abd9b642"
  integrity sha512-DRYR9tf+UGU0KOsMcKAlXeFfX89UiiIZ0dRU3mR0yJfu6OjZqUcp68NnFLnqQU5RexygFoDy1EW+ccOYcPfmHg==

tslib@^2.1.0, tslib@^2.4.0:
  version "2.6.1"
  resolved "https://registry.yarnpkg.com/tslib/-/tslib-2.6.1.tgz#fd8c9a0ff42590b25703c0acb3de3d3f4ede0410"
  integrity sha512-t0hLfiEKfMUoqhG+U1oid7Pva4bbDPHYfJNiB7BiIjRkj1pyC++4N3huJfqY6aRH6VTB0rvtzQwjM4K6qpfOig==

value-or-promise@^1.0.12:
  version "1.0.12"
  resolved "https://registry.yarnpkg.com/value-or-promise/-/value-or-promise-1.0.12.tgz#0e5abfeec70148c78460a849f6b003ea7986f15c"
  integrity sha512-Z6Uz+TYwEqE7ZN50gwn+1LCVo9ZVrpxRPOhOLnncYkY1ZzOYtrX8Fwf/rFktZ8R5mJms6EZf5TqNOMeZmnPq9Q==
